Microsoft Visual Studio Solution File, Format Version 12.00
# Visual Studio Version 17
VisualStudioVersion = 17.5.2.0
MinimumVisualStudioVersion = 10.0.40219.1
Project("{FAE04EC0-301F-11D3-BF4B-00C04F79EFBC}") = "HrCourseApi.Api", "HrCourseApi.Api\HrCourseApi.Api.csproj", "{CC2B1802-B4DB-A401-4A03-E438429E7720}"
EndProject
Project("{FAE04EC0-301F-11D3-BF4B-00C04F79EFBC}") = "HrCourseApi.Application", "HrCourseApi.Application\HrCourseApi.Application.csproj", "{5AF4CAE5-F90D-F550-83FE-67B07C21D1B5}"
EndProject
Project("{FAE04EC0-301F-11D3-BF4B-00C04F79EFBC}") = "HrCourseApi.Domain", "HrCourseApi.Domain\HrCourseApi.Domain.csproj", "{71D6EB04-9705-1F02-DD96-B8C60F1CC339}"
EndProject
Project("{FAE04EC0-301F-11D3-BF4B-00C04F79EFBC}") = "HrCourseApi.Infrastructure", "HrCourseApi.Infrastructure\HrCourseApi.Infrastructure.csproj", "{D01FFB8C-291A-0F14-9E43-13806B34055F}"
EndProject
Global
	GlobalSection(SolutionConfigurationPlatforms) = preSolution
		Debug|Any CPU = Debug|Any CPU
		Release|Any CPU = Release|Any CPU
	EndGlobalSection
	GlobalSection(ProjectConfigurationPlatforms) = postSolution
		{CC2B1802-B4DB-A401-4A03-E438429E7720}.Debug|Any CPU.ActiveCfg = Debug|Any CPU
		{CC2B1802-B4DB-A401-4A03-E438429E7720}.Debug|Any CPU.Build.0 = Debug|Any CPU
		{CC2B1802-B4DB-A401-4A03-E438429E7720}.Release|Any CPU.ActiveCfg = Release|Any CPU
		{CC2B1802-B4DB-A401-4A03-E438429E7720}.Release|Any CPU.Build.0 = Release|Any CPU
		{5AF4CAE5-F90D-F550-83FE-67B07C21D1B5}.Debug|Any CPU.ActiveCfg = Debug|Any CPU
		{5AF4CAE5-F90D-F550-83FE-67B07C21D1B5}.Debug|Any CPU.Build.0 = Debug|Any CPU
		{5AF4CAE5-F90D-F550-83FE-67B07C21D1B5}.Release|Any CPU.ActiveCfg = Release|Any CPU
		{5AF4CAE5-F90D-F550-83FE-67B07C21D1B5}.Release|Any CPU.Build.0 = Release|Any CPU
		{71D6EB04-9705-1F02-DD96-B8C60F1CC339}.Debug|Any CPU.ActiveCfg = Debug|Any CPU
		{71D6EB04-9705-1F02-DD96-B8C60F1CC339}.Debug|Any CPU.Build.0 = Debug|Any CPU
		{71D6EB04-9705-1F02-DD96-B8C60F1CC339}.Release|Any CPU.ActiveCfg = Release|Any CPU
		{71D6EB04-9705-1F02-DD96-B8C60F1CC339}.Release|Any CPU.Build.0 = Release|Any CPU
		{D01FFB8C-291A-0F14-9E43-13806B34055F}.Debug|Any CPU.ActiveCfg = Debug|Any CPU
		{D01FFB8C-291A-0F14-9E43-13806B34055F}.Debug|Any CPU.Build.0 = Debug|Any CPU
		{D01FFB8C-291A-0F14-9E43-13806B34055F}.Release|Any CPU.ActiveCfg = Release|Any CPU
		{D01FFB8C-291A-0F14-9E43-13806B34055F}.Release|Any CPU.Build.0 = Release|Any CPU
	EndGlobalSection
	GlobalSection(SolutionProperties) = preSolution
		HideSolutionNode = FALSE
	EndGlobalSection
	GlobalSection(ExtensibilityGlobals) = postSolution
		SolutionGuid = {173DAA6E-473F-4A57-80F3-FF975C737333}
	EndGlobalSection
EndGlobal
